
Microsoft Visual Studio Solution File, Format Version 11.00
# Visual Studio 2010
Project("{8BC9CEB8-8B4A-11D0-8D11-00A0C91BC942}") = "StrHandle", "StrHandle\StrHandle.vcxproj", "{11EB5C4F-1B1E-4CC6-B180-67784B9E4F00}"
EndProject
Global
	GlobalSection(SolutionConfigurationPlatforms) = preSolution
		Debug|Win32 = Debug|Win32
		Release|Win32 = Release|Win32
	EndGlobalSection
	GlobalSection(ProjectConfigurationPlatforms) = postSolution
		{11EB5C4F-1B1E-4CC6-B180-67784B9E4F00}.Debug|Win32.ActiveCfg = Debug|Win32
		{11EB5C4F-1B1E-4CC6-B180-67784B9E4F00}.Debug|Win32.Build.0 = Debug|Win32
		{11EB5C4F-1B1E-4CC6-B180-67784B9E4F00}.Release|Win32.ActiveCfg = Release|Win32
		{11EB5C4F-1B1E-4CC6-B180-67784B9E4F00}.Release|Win32.Build.0 = Release|Win32
	EndGlobalSection
	GlobalSection(SolutionProperties) = preSolution
		HideSolutionNode = FALSE
	EndGlobalSection
EndGlobal
